
Microsoft Visual Studio Solution File, Format Version 12.00
# Visual Studio Version 16
VisualStudioVersion = 16.0.31321.278
MinimumVisualStudioVersion = 10.0.40219.1
Project("{FAE04EC0-301F-11D3-BF4B-00C04F79EFBC}") = "Практика5", "Практика5\Практика5.csproj", "{E4501972-53D7-460A-855A-952AAF043367}"
EndProject
Project("{FAE04EC0-301F-11D3-BF4B-00C04F79EFBC}") = "MyLib", "MyLib\MyLib.csproj", "{9DE8CF45-F542-4A7B-BB55-2DABD43F522A}"
EndProject
Global
	GlobalSection(SolutionConfigurationPlatforms) = preSolution
		Debug|Any CPU = Debug|Any CPU
		Release|Any CPU = Release|Any CPU
	EndGlobalSection
	GlobalSection(ProjectConfigurationPlatforms) = postSolution
		{E4501972-53D7-460A-855A-952AAF043367}.Debug|Any CPU.ActiveCfg = Debug|Any CPU
		{E4501972-53D7-460A-855A-952AAF043367}.Debug|Any CPU.Build.0 = Debug|Any CPU
		{E4501972-53D7-460A-855A-952AAF043367}.Release|Any CPU.ActiveCfg = Release|Any CPU
		{E4501972-53D7-460A-855A-952AAF043367}.Release|Any CPU.Build.0 = Release|Any CPU
		{9DE8CF45-F542-4A7B-BB55-2DABD43F522A}.Debug|Any CPU.ActiveCfg = Debug|Any CPU
		{9DE8CF45-F542-4A7B-BB55-2DABD43F522A}.Debug|Any CPU.Build.0 = Debug|Any CPU
		{9DE8CF45-F542-4A7B-BB55-2DABD43F522A}.Release|Any CPU.ActiveCfg = Release|Any CPU
		{9DE8CF45-F542-4A7B-BB55-2DABD43F522A}.Release|Any CPU.Build.0 = Release|Any CPU
	EndGlobalSection
	GlobalSection(SolutionProperties) = preSolution
		HideSolutionNode = FALSE
	EndGlobalSection
	GlobalSection(ExtensibilityGlobals) = postSolution
		SolutionGuid = {010B42CB-011D-450F-B974-D0DFC5F21219}
	EndGlobalSection
EndGlobal
